// !$*UTF8*$!
{
	archiveVersion = 1;
	classes = {
	};
	objectVersion = 46;
	objects = {

/* Begin PBXBuildFile section */
		09925C8D16FE1B5E00519028 /* UIKit.framework in Frameworks */ = {isa = PBXBuildFile; fileRef = 09925C8C16FE1B5E00519028 /* UIKit.framework */; };
		09925C8F16FE1B5E00519028 /* Foundation.framework in Frameworks */ = {isa = PBXBuildFile; fileRef = 09925C8E16FE1B5E00519028 /* Foundation.framework */; };
		09925C9116FE1B5E00519028 /* CoreGraphics.framework in Frameworks */ = {isa = PBXBuildFile; fileRef = 09925C9016FE1B5E00519028 /* CoreGraphics.framework */; };
		09925C9716FE1B5E00519028 /* InfoPlist.strings in Resources */ = {isa = PBXBuildFile; fileRef = 09925C9516FE1B5E00519028 /* InfoPlist.strings */; };
		09925C9916FE1B5E00519028 /* main.m in Sources */ = {isa = PBXBuildFile; fileRef = 09925C9816FE1B5E00519028 /* main.m */; };
		09925C9D16FE1B5E00519028 /* UIViewAppDelegate.m in Sources */ = {isa = PBXBuildFile; fileRef = 09925C9C16FE1B5E00519028 /* UIViewAppDelegate.m */; };
		09925C9F16FE1B5E00519028 /* Default.png in Resources */ = {isa = PBXBuildFile; fileRef = 09925C9E16FE1B5E00519028 /* Default.png */; };
		09925CA116FE1B5E00519028 /* Default@2x.png in Resources */ = {isa = PBXBuildFile; fileRef = 09925CA016FE1B5E00519028 /* Default@2x.png */; };
		09925CA316FE1B5E00519028 /* Default-568h@2x.png in Resources */ = {isa = PBXBuildFile; fileRef = 09925CA216FE1B5E00519028 /* Default-568h@2x.png */; };
		09925CA616FE1B5E00519028 /* MainStoryboard.storyboard in Resources */ = {isa = PBXBuildFile; fileRef = 09925CA416FE1B5E00519028 /* MainStoryboard.storyboard */; };
		09925CB116FE1B9A00519028 /* ImageViewController.m in Sources */ = {isa = PBXBuildFile; fileRef = 09925CB016FE1B9A00519028 /* ImageViewController.m */; };
		09925CB416FE20A200519028 /* myFamilyPortraitViewController.m in Sources */ = {isa = PBXBuildFile; fileRef = 09925CB316FE20A200519028 /* myFamilyPortraitViewController.m */; };
		09925CBF16FE41BE00519028 /* FlickrPhotoTVC.m in Sources */ = {isa = PBXBuildFile; fileRef = 09925CBE16FE41BE00519028 /* FlickrPhotoTVC.m */; };
		09925CC416FE470000519028 /* FlickrFetcher.m in Sources */ = {isa = PBXBuildFile; fileRef = 09925CC316FE470000519028 /* FlickrFetcher.m */; };
		09925CC716FE4C6500519028 /* LatestFlickrPhotoTVC.m in Sources */ = {isa = PBXBuildFile; fileRef = 09925CC616FE4C6500519028 /* LatestFlickrPhotoTVC.m */; };
/* End PBXBuildFile section */

/* Begin PBXFileReference section */
		09925C8816FE1B5E00519028 /* yyePhotoAlbums.app */ = {isa = PBXFileReference; explicitFileType = wrapper.application; includeInIndex = 0; path = yyePhotoAlbums.app; sourceTree = BUILT_PRODUCTS_DIR; };
		09925C8C16FE1B5E00519028 /* UIKit.framework */ = {isa = PBXFileReference; lastKnownFileType = wrapper.framework; name = UIKit.framework; path = System/Library/Frameworks/UIKit.framework; sourceTree = SDKROOT; };
		09925C8E16FE1B5E00519028 /* Foundation.framework */ = {isa = PBXFileReference; lastKnownFileType = wrapper.framework; name = Foundation.framework; path = System/Library/Frameworks/Foundation.framework; sourceTree = SDKROOT; };
		09925C9016FE1B5E00519028 /* CoreGraphics.framework */ = {isa = PBXFileReference; lastKnownFileType = wrapper.framework; name = CoreGraphics.framework; path = System/Library/Frameworks/CoreGraphics.framework; sourceTree = SDKROOT; };
		09925C9416FE1B5E00519028 /* yyePhotoAlbums-Info.plist */ = {isa = PBXFileReference; lastKnownFileType = text.plist.xml; path = "yyePhotoAlbums-Info.plist"; sourceTree = "<group>"; };
		09925C9616FE1B5E00519028 /* en */ = {isa = PBXFileReference; lastKnownFileType = text.plist.strings; name = en; path = en.lproj/InfoPlist.strings; sourceTree = "<group>"; };
		09925C9816FE1B5E00519028 /* main.m */ = {isa = PBXFileReference; lastKnownFileType = sourcecode.c.objc; path = main.m; sourceTree = "<group>"; };
		09925C9A16FE1B5E00519028 /* yyePhotoAlbums-Prefix.pch */ = {isa = PBXFileReference; lastKnownFileType = sourcecode.c.h; path = "yyePhotoAlbums-Prefix.pch"; sourceTree = "<group>"; };
		09925C9B16FE1B5E00519028 /* UIViewAppDelegate.h */ = {isa = PBXFileReference; lastKnownFileType = sourcecode.c.h; path = UIViewAppDelegate.h; sourceTree = "<group>"; };
		09925C9C16FE1B5E00519028 /* UIViewAppDelegate.m */ = {isa = PBXFileReference; lastKnownFileType = sourcecode.c.objc; path = UIViewAppDelegate.m; sourceTree = "<group>"; };
		09925C9E16FE1B5E00519028 /* Default.png */ = {isa = PBXFileReference; lastKnownFileType = image.png; path = Default.png; sourceTree = "<group>"; };
		09925CA016FE1B5E00519028 /* Default@2x.png */ = {isa = PBXFileReference; lastKnownFileType = image.png; path = "Default@2x.png"; sourceTree = "<group>"; };
		09925CA216FE1B5E00519028 /* Default-568h@2x.png */ = {isa = PBXFileReference; lastKnownFileType = image.png; path = "Default-568h@2x.png"; sourceTree = "<group>"; };
		09925CA516FE1B5E00519028 /* en */ = {isa = PBXFileReference; lastKnownFileType = file.storyboard; name = en; path = en.lproj/MainStoryboard.storyboard; sourceTree = "<group>"; };
		09925CAF16FE1B9A00519028 /* ImageViewController.h */ = {isa = PBXFileReference; fileEncoding = 4; lastKnownFileType = sourcecode.c.h; path = ImageViewController.h; sourceTree = "<group>"; };
		09925CB016FE1B9A00519028 /* ImageViewController.m */ = {isa = PBXFileReference; fileEncoding = 4; lastKnownFileType = sourcecode.c.objc; path = ImageViewController.m; sourceTree = "<group>"; };
		09925CB216FE20A200519028 /* myFamilyPortraitViewController.h */ = {isa = PBXFileReference; fileEncoding = 4; lastKnownFileType = sourcecode.c.h; path = myFamilyPortraitViewController.h; sourceTree = "<group>"; };
		09925CB316FE20A200519028 /* myFamilyPortraitViewController.m */ = {isa = PBXFileReference; fileEncoding = 4; lastKnownFileType = sourcecode.c.objc; path = myFamilyPortraitViewController.m; sourceTree = "<group>"; };
		09925CBD16FE41BE00519028 /* FlickrPhotoTVC.h */ = {isa = PBXFileReference; fileEncoding = 4; lastKnownFileType = sourcecode.c.h; path = FlickrPhotoTVC.h; sourceTree = "<group>"; };
		09925CBE16FE41BE00519028 /* FlickrPhotoTVC.m */ = {isa = PBXFileReference; fileEncoding = 4; lastKnownFileType = sourcecode.c.objc; path = FlickrPhotoTVC.m; sourceTree = "<group>"; };
		09925CC116FE470000519028 /* FlickrAPIKey.h */ = {isa = PBXFileReference; fileEncoding = 4; lastKnownFileType = sourcecode.c.h; path = FlickrAPIKey.h; sourceTree = "<group>"; };
		09925CC216FE470000519028 /* FlickrFetcher.h */ = {isa = PBXFileReference; fileEncoding = 4; lastKnownFileType = sourcecode.c.h; path = FlickrFetcher.h; sourceTree = "<group>"; };
		09925CC316FE470000519028 /* FlickrFetcher.m */ = {isa = PBXFileReference; fileEncoding = 4; lastKnownFileType = sourcecode.c.objc; path = FlickrFetcher.m; sourceTree = "<group>"; };
		09925CC516FE4C6500519028 /* LatestFlickrPhotoTVC.h */ = {isa = PBXFileReference; fileEncoding = 4; lastKnownFileType = sourcecode.c.h; name = LatestFlickrPhotoTVC.h; path = ../LatestFlickrPhotoTVC.h; sourceTree = "<group>"; };
		09925CC616FE4C6500519028 /* LatestFlickrPhotoTVC.m */ = {isa = PBXFileReference; fileEncoding = 4; lastKnownFileType = sourcecode.c.objc; name = LatestFlickrPhotoTVC.m; path = ../LatestFlickrPhotoTVC.m; sourceTree = "<group>"; };
/* End PBXFileReference section */

/* Begin PBXFrameworksBuildPhase section */
		09925C8516FE1B5E00519028 /* Frameworks */ = {
			isa = PBXFrameworksBuildPhase;
			buildActionMask = 2147483647;
			files = (
				09925C8D16FE1B5E00519028 /* UIKit.framework in Frameworks */,
				09925C8F16FE1B5E00519028 /* Foundation.framework in Frameworks */,
				09925C9116FE1B5E00519028 /* CoreGraphics.framework in Frameworks */,
			);
			runOnlyForDeploymentPostprocessing = 0;
		};
/* End PBXFrameworksBuildPhase section */

/* Begin PBXGroup section */
		09925C7D16FE1B5E00519028 = {
			isa = PBXGroup;
			children = (
				09925C9216FE1B5E00519028 /* yyePhotoAlbums */,
				09925C8B16FE1B5E00519028 /* Frameworks */,
				09925C8916FE1B5E00519028 /* Products */,
			);
			sourceTree = "<group>";
		};
		09925C8916FE1B5E00519028 /* Products */ = {
			isa = PBXGroup;
			children = (
				09925C8816FE1B5E00519028 /* yyePhotoAlbums.app */,
			);
			name = Products;
			sourceTree = "<group>";
		};
		09925C8B16FE1B5E00519028 /* Frameworks */ = {
			isa = PBXGroup;
			children = (
				09925C8C16FE1B5E00519028 /* UIKit.framework */,
				09925C8E16FE1B5E00519028 /* Foundation.framework */,
				09925C9016FE1B5E00519028 /* CoreGraphics.framework */,
			);
			name = Frameworks;
			sourceTree = "<group>";
		};
		09925C9216FE1B5E00519028 /* yyePhotoAlbums */ = {
			isa = PBXGroup;
			children = (
				09925CA416FE1B5E00519028 /* MainStoryboard.storyboard */,
				09925CBD16FE41BE00519028 /* FlickrPhotoTVC.h */,
				09925CBE16FE41BE00519028 /* FlickrPhotoTVC.m */,
				09925CC516FE4C6500519028 /* LatestFlickrPhotoTVC.h */,
				09925CC616FE4C6500519028 /* LatestFlickrPhotoTVC.m */,
				09925CB216FE20A200519028 /* myFamilyPortraitViewController.h */,
				09925CB316FE20A200519028 /* myFamilyPortraitViewController.m */,
				09925CAF16FE1B9A00519028 /* ImageViewController.h */,
				09925CB016FE1B9A00519028 /* ImageViewController.m */,
				09925CC016FE470000519028 /* FlickrFetcher */,
				09925C9316FE1B5E00519028 /* Supporting Files */,
			);
			path = yyePhotoAlbums;
			sourceTree = "<group>";
		};
		09925C9316FE1B5E00519028 /* Supporting Files */ = {
			isa = PBXGroup;
			children = (
				09925C9416FE1B5E00519028 /* yyePhotoAlbums-Info.plist */,
				09925C9516FE1B5E00519028 /* InfoPlist.strings */,
				09925C9B16FE1B5E00519028 /* UIViewAppDelegate.h */,
				09925C9C16FE1B5E00519028 /* UIViewAppDelegate.m */,
				09925C9816FE1B5E00519028 /* main.m */,
				09925C9A16FE1B5E00519028 /* yyePhotoAlbums-Prefix.pch */,
				09925C9E16FE1B5E00519028 /* Default.png */,
				09925CA016FE1B5E00519028 /* Default@2x.png */,
				09925CA216FE1B5E00519028 /* Default-568h@2x.png */,
			);
			name = "Supporting Files";
			sourceTree = "<group>";
		};
		09925CC016FE470000519028 /* FlickrFetcher */ = {
			isa = PBXGroup;
			children = (
				09925CC116FE470000519028 /* FlickrAPIKey.h */,
				09925CC216FE470000519028 /* FlickrFetcher.h */,
				09925CC316FE470000519028 /* FlickrFetcher.m */,
			);
			path = FlickrFetcher;
			sourceTree = "<group>";
		};
/* End PBXGroup section */

/* Begin PBXNativeTarget section */
		09925C8716FE1B5E00519028 /* yyePhotoAlbums */ = {
			isa = PBXNativeTarget;
			buildConfigurationList = 09925CAC16FE1B5E00519028 /* Build configuration list for PBXNativeTarget "yyePhotoAlbums" */;
			buildPhases = (
				09925C8416FE1B5E00519028 /* Sources */,
				09925C8516FE1B5E00519028 /* Frameworks */,
				09925C8616FE1B5E00519028 /* Resources */,
			);
			buildRules = (
			);
			dependencies = (
			);
			name = yyePhotoAlbums;
			productName = yyePhotoAlbums;
			productReference = 09925C8816FE1B5E00519028 /* yyePhotoAlbums.app */;
			productType = "com.apple.product-type.application";
		};
/* End PBXNativeTarget section */

/* Begin PBXProject section */
		09925C7F16FE1B5E00519028 /* Project object */ = {
			isa = PBXProject;
			attributes = {
				CLASSPREFIX = UIView;
				LastUpgradeCheck = 0450;
				ORGANIZATIONNAME = "Yukui Ye";
			};
			buildConfigurationList = 09925C8216FE1B5E00519028 /* Build configuration list for PBXProject "yyePhotoAlbums" */;
			compatibilityVersion = "Xcode 3.2";
			developmentRegion = English;
			hasScannedForEncodings = 0;
			knownRegions = (
				en,
			);
			mainGroup = 09925C7D16FE1B5E00519028;
			productRefGroup = 09925C8916FE1B5E00519028 /* Products */;
			projectDirPath = "";
			projectRoot = "";
			targets = (
				09925C8716FE1B5E00519028 /* yyePhotoAlbums */,
			);
		};
/* End PBXProject section */

/* Begin PBXResourcesBuildPhase section */
		09925C8616FE1B5E00519028 /* Resources */ = {
			isa = PBXResourcesBuildPhase;
			buildActionMask = 2147483647;
			files = (
				09925C9716FE1B5E00519028 /* InfoPlist.strings in Resources */,
				09925C9F16FE1B5E00519028 /* Default.png in Resources */,
				09925CA116FE1B5E00519028 /* Default@2x.png in Resources */,
				09925CA316FE1B5E00519028 /* Default-568h@2x.png in Resources */,
				09925CA616FE1B5E00519028 /* MainStoryboard.storyboard in Resources */,
			);
			runOnlyForDeploymentPostprocessing = 0;
		};
/* End PBXResourcesBuildPhase section */

/* Begin PBXSourcesBuildPhase section */
		09925C8416FE1B5E00519028 /* Sources */ = {
			isa = PBXSourcesBuildPhase;
			buildActionMask = 2147483647;
			files = (
				09925C9916FE1B5E00519028 /* main.m in Sources */,
				09925C9D16FE1B5E00519028 /* UIViewAppDelegate.m in Sources */,
				09925CB116FE1B9A00519028 /* ImageViewController.m in Sources */,
				09925CB416FE20A200519028 /* myFamilyPortraitViewController.m in Sources */,
				09925CBF16FE41BE00519028 /* FlickrPhotoTVC.m in Sources */,
				09925CC416FE470000519028 /* FlickrFetcher.m in Sources */,
				09925CC716FE4C6500519028 /* LatestFlickrPhotoTVC.m in Sources */,
			);
			runOnlyForDeploymentPostprocessing = 0;
		};
/* End PBXSourcesBuildPhase section */

/* Begin PBXVariantGroup section */
		09925C9516FE1B5E00519028 /* InfoPlist.strings */ = {
			isa = PBXVariantGroup;
			children = (
				09925C9616FE1B5E00519028 /* en */,
			);
			name = InfoPlist.strings;
			sourceTree = "<group>";
		};
		09925CA416FE1B5E00519028 /* MainStoryboard.storyboard */ = {
			isa = PBXVariantGroup;
			children = (
				09925CA516FE1B5E00519028 /* en */,
			);
			name = MainStoryboard.storyboard;
			sourceTree = "<group>";
		};
/* End PBXVariantGroup section */

/* Begin XCBuildConfiguration section */
		09925CAA16FE1B5E00519028 /* Debug */ = {
			isa = XCBuildConfiguration;
			buildSettings = {
				ALWAYS_SEARCH_USER_PATHS = NO;
				CLANG_CXX_LANGUAGE_STANDARD = "gnu++0x";
				CLANG_CXX_LIBRARY = "libc++";
				CLANG_ENABLE_OBJC_ARC = YES;
				CLANG_WARN_EMPTY_BODY = YES;
				CLANG_WARN__DUPLICATE_METHOD_MATCH = YES;
				"CODE_SIGN_IDENTITY[sdk=iphoneos*]" = "iPhone Developer";
				COPY_PHASE_STRIP = NO;
				GCC_C_LANGUAGE_STANDARD = gnu99;
				GCC_DYNAMIC_NO_PIC = NO;
				GCC_OPTIMIZATION_LEVEL = 0;
				GCC_PREPROCESSOR_DEFINITIONS = (
					"DEBUG=1",
					"$(inherited)",
				);
				GCC_SYMBOLS_PRIVATE_EXTERN = NO;
				GCC_WARN_ABOUT_RETURN_TYPE = YES;
				GCC_WARN_UNINITIALIZED_AUTOS = YES;
				GCC_WARN_UNUSED_VARIABLE = YES;
				IPHONEOS_DEPLOYMENT_TARGET = 6.0;
				ONLY_ACTIVE_ARCH = YES;
				SDKROOT = iphoneos;
			};
			name = Debug;
		};
		09925CAB16FE1B5E00519028 /* Release */ = {
			isa = XCBuildConfiguration;
			buildSettings = {
				ALWAYS_SEARCH_USER_PATHS = NO;
				CLANG_CXX_LANGUAGE_STANDARD = "gnu++0x";
				CLANG_CXX_LIBRARY = "libc++";
				CLANG_ENABLE_OBJC_ARC = YES;
				CLANG_WARN_EMPTY_BODY = YES;
				CLANG_WARN__DUPLICATE_METHOD_MATCH = YES;
				"CODE_SIGN_IDENTITY[sdk=iphoneos*]" = "iPhone Developer";
				COPY_PHASE_STRIP = YES;
				GCC_C_LANGUAGE_STANDARD = gnu99;
				GCC_WARN_ABOUT_RETURN_TYPE = YES;
				GCC_WARN_UNINITIALIZED_AUTOS = YES;
				GCC_WARN_UNUSED_VARIABLE = YES;
				IPHONEOS_DEPLOYMENT_TARGET = 6.0;
				OTHER_CFLAGS = "-DNS_BLOCK_ASSERTIONS=1";
				SDKROOT = iphoneos;
				VALIDATE_PRODUCT = YES;
			};
			name = Release;
		};
		09925CAD16FE1B5E00519028 /* Debug */ = {
			isa = XCBuildConfiguration;
			buildSettings = {
				GCC_PRECOMPILE_PREFIX_HEADER = YES;
				GCC_PREFIX_HEADER = "yyePhotoAlbums/yyePhotoAlbums-Prefix.pch";
				INFOPLIST_FILE = "yyePhotoAlbums/yyePhotoAlbums-Info.plist";
				PRODUCT_NAME = "$(TARGET_NAME)";
				WRAPPER_EXTENSION = app;
			};
			name = Debug;
		};
		09925CAE16FE1B5E00519028 /* Release */ = {
			isa = XCBuildConfiguration;
			buildSettings = {
				GCC_PRECOMPILE_PREFIX_HEADER = YES;
				GCC_PREFIX_HEADER = "yyePhotoAlbums/yyePhotoAlbums-Prefix.pch";
				INFOPLIST_FILE = "yyePhotoAlbums/yyePhotoAlbums-Info.plist";
				PRODUCT_NAME = "$(TARGET_NAME)";
				WRAPPER_EXTENSION = app;
			};
			name = Release;
		};
/* End XCBuildConfiguration section */

/* Begin XCConfigurationList section */
		09925C8216FE1B5E00519028 /* Build configuration list for PBXProject "yyePhotoAlbums" */ = {
			isa = XCConfigurationList;
			buildConfigurations = (
				09925CAA16FE1B5E00519028 /* Debug */,
				09925CAB16FE1B5E00519028 /* Release */,
			);
			defaultConfigurationIsVisible = 0;
			defaultConfigurationName = Release;
		};
		09925CAC16FE1B5E00519028 /* Build configuration list for PBXNativeTarget "yyePhotoAlbums" */ = {
			isa = XCConfigurationList;
			buildConfigurations = (
				09925CAD16FE1B5E00519028 /* Debug */,
				09925CAE16FE1B5E00519028 /* Release */,
			);
			defaultConfigurationIsVisible = 0;
		};
/* End XCConfigurationList section */
	};
	rootObject = 09925C7F16FE1B5E00519028 /* Project object */;
}
